<?xml version="1.0"?>
<plist version="1.0">
	<dict>
		<key>archiveVersion</key>
		<string>1</string>
		<key>classes</key>
		<dict />
		<key>objectVersion</key>
		<string>46</string>
		<key>objects</key>
		<dict>
			<key>582EF6F2E6600268E7F8FC67</key>
			<dict>
				<key>explicitFileType</key>
				<string>sourcecode.c.h</string>
				<key>fileEncoding</key>
				<string>30</string>
				<key>isa</key>
				<string>PBXFileReference</string>
				<key>name</key>
				<string>stb_vorbis.h</string>
				<key>path</key>
				<string>../../../../../../../../../Users/edmundoetgen/Documents/OFX/OFX/addons/ofxMaxim/libs/stb_vorbis.h</string>
				<key>sourceTree</key>
				<string>SOURCE_ROOT</string>
			</dict>
			<key>1E4C414E98695D8F9F57F318</key>
			<dict>
				<key>fileRef</key>
				<string>C74AA90C85D5E423DD500D92</string>
				<key>isa</key>
				<string>PBXBuildFile</string>
			</dict>
			<key>C74AA90C85D5E423DD500D92</key>
			<dict>
				<key>explicitFileType</key>
				<string>sourcecode.c.c</string>
				<key>fileEncoding</key>
				<string>30</string>
				<key>isa</key>
				<string>PBXFileReference</string>
				<key>name</key>
				<string>stb_vorbis.c</string>
				<key>path</key>
				<string>../../../../../../../../../Users/edmundoetgen/Documents/OFX/OFX/addons/ofxMaxim/libs/stb_vorbis.c</string>
				<key>sourceTree</key>
				<string>SOURCE_ROOT</string>
			</dict>
			<key>5022528979A3771B548B7200</key>
			<dict>
				<key>explicitFileType</key>
				<string>sourcecode.c.h</string>
				<key>fileEncoding</key>
				<string>30</string>
				<key>isa</key>
				<string>PBXFileReference</string>
				<key>name</key>
				<string>sineTable.h</string>
				<key>path</key>
				<string>../../../../../../../../../Users/edmundoetgen/Documents/OFX/OFX/addons/ofxMaxim/libs/sineTable.h</string>
				<key>sourceTree</key>
				<string>SOURCE_ROOT</string>
			</dict>
			<key>AFF719D902B13B15783EB064</key>
			<dict>
				<key>explicitFileType</key>
				<string>sourcecode.c.h</string>
				<key>fileEncoding</key>
				<string>30</string>
				<key>isa</key>
				<string>PBXFileReference</string>
				<key>name</key>
				<string>maximilian.h</string>
				<key>path</key>
				<string>../../../../../../../../../Users/edmundoetgen/Documents/OFX/OFX/addons/ofxMaxim/libs/maximilian.h</string>
				<key>sourceTree</key>
				<string>SOURCE_ROOT</string>
			</dict>
			<key>DE0AD615952253527AE95104</key>
			<dict>
				<key>fileRef</key>
				<string>2F6BACEC5811EB36225E4FD5</string>
				<key>isa</key>
				<string>PBXBuildFile</string>
			</dict>
			<key>2F6BACEC5811EB36225E4FD5</key>
			<dict>
				<key>explicitFileType</key>
				<string>sourcecode.cpp.cpp</string>
				<key>fileEncoding</key>
				<string>30</string>
				<key>isa</key>
				<string>PBXFileReference</string>
				<key>name</key>
				<string>maximilian.cpp</string>
				<key>path</key>
				<string>../../../../../../../../../Users/edmundoetgen/Documents/OFX/OFX/addons/ofxMaxim/libs/maximilian.cpp</string>
				<key>sourceTree</key>
				<string>SOURCE_ROOT</string>
			</dict>
			<key>B0754DA7C35D006CE8C2AE0D</key>
			<dict>
				<key>explicitFileType</key>
				<string>sourcecode.c.h</string>
				<key>fileEncoding</key>
				<string>30</string>
				<key>isa</key>
				<string>PBXFileReference</string>
				<key>name</key>
				<string>maxiMFCC.h</string>
				<key>path</key>
				<string>../../../../../../../../../Users/edmundoetgen/Documents/OFX/OFX/addons/ofxMaxim/libs/maxiMFCC.h</string>
				<key>sourceTree</key>
				<string>SOURCE_ROOT</string>
			</dict>
			<key>D3C879857F4DF59F943E25AE</key>
			<dict>
				<key>fileRef</key>
				<string>CC1D3611905D17B08B47DF86</string>
				<key>isa</key>
				<string>PBXBuildFile</string>
			</dict>
			<key>CC1D3611905D17B08B47DF86</key>
			<dict>
				<key>explicitFileType</key>
				<string>sourcecode.cpp.cpp</string>
				<key>fileEncoding</key>
				<string>30</string>
				<key>isa</key>
				<string>PBXFileReference</string>
				<key>name</key>
				<string>maxiMFCC.cpp</string>
				<key>path</key>
				<string>../../../../../../../../../Users/edmundoetgen/Documents/OFX/OFX/addons/ofxMaxim/libs/maxiMFCC.cpp</string>
				<key>sourceTree</key>
				<string>SOURCE_ROOT</string>
			</dict>
			<key>0D426E71674339C4C76AD387</key>
			<dict>
				<key>explicitFileType</key>
				<string>sourcecode.c.h</string>
				<key>fileEncoding</key>
				<string>30</string>
				<key>isa</key>
				<string>PBXFileReference</string>
				<key>name</key>
				<string>maxiGrains.h</string>
				<key>path</key>
				<string>../../../../../../../../../Users/edmundoetgen/Documents/OFX/OFX/addons/ofxMaxim/libs/maxiGrains.h</string>
				<key>sourceTree</key>
				<string>SOURCE_ROOT</string>
			</dict>
			<key>069EF97B97A45D38B28D9654</key>
			<dict>
				<key>fileRef</key>
				<string>E6092AE3643E3438528B3010</string>
				<key>isa</key>
				<string>PBXBuildFile</string>
			</dict>
			<key>E6092AE3643E3438528B3010</key>
			<dict>
				<key>explicitFileType</key>
				<string>sourcecode.cpp.cpp</string>
				<key>fileEncoding</key>
				<string>30</string>
				<key>isa</key>
				<string>PBXFileReference</string>
				<key>name</key>
				<string>maxiGrains.cpp</string>
				<key>path</key>
				<string>../../../../../../../../../Users/edmundoetgen/Documents/OFX/OFX/addons/ofxMaxim/libs/maxiGrains.cpp</string>
				<key>sourceTree</key>
				<string>SOURCE_ROOT</string>
			</dict>
			<key>5371528EEC4B3E330029EA0B</key>
			<dict>
				<key>explicitFileType</key>
				<string>sourcecode.c.h</string>
				<key>fileEncoding</key>
				<string>30</string>
				<key>isa</key>
				<string>PBXFileReference</string>
				<key>name</key>
				<string>maxiFFT.h</string>
				<key>path</key>
				<string>../../../../../../../../../Users/edmundoetgen/Documents/OFX/OFX/addons/ofxMaxim/libs/maxiFFT.h</string>
				<key>sourceTree</key>
				<string>SOURCE_ROOT</string>
			</dict>
			<key>E5872FE9ACCEAB9113861579</key>
			<dict>
				<key>fileRef</key>
				<string>EB2B2E7CF7745BFBDB9686A6</string>
				<key>isa</key>
				<string>PBXBuildFile</string>
			</dict>
			<key>EB2B2E7CF7745BFBDB9686A6</key>
			<dict>
				<key>explicitFileType</key>
				<string>sourcecode.cpp.cpp</string>
				<key>fileEncoding</key>
				<string>30</string>
				<key>isa</key>
				<string>PBXFileReference</string>
				<key>name</key>
				<string>maxiFFT.cpp</string>
				<key>path</key>
				<string>../../../../../../../../../Users/edmundoetgen/Documents/OFX/OFX/addons/ofxMaxim/libs/maxiFFT.cpp</string>
				<key>sourceTree</key>
				<string>SOURCE_ROOT</string>
			</dict>
			<key>537B8628D182500C1B8DC06D</key>
			<dict>
				<key>explicitFileType</key>
				<string>sourcecode.c.h</string>
				<key>fileEncoding</key>
				<string>30</string>
				<key>isa</key>
				<string>PBXFileReference</string>
				<key>name</key>
				<string>maxiBark.h</string>
				<key>path</key>
				<string>../../../../../../../../../Users/edmundoetgen/Documents/OFX/OFX/addons/ofxMaxim/libs/maxiBark.h</string>
				<key>sourceTree</key>
				<string>SOURCE_ROOT</string>
			</dict>
			<key>6A1ECE482778A6F071451CE2</key>
			<dict>
				<key>fileRef</key>
				<string>28519508760FA9F1EF18D05A</string>
				<key>isa</key>
				<string>PBXBuildFile</string>
			</dict>
			<key>28519508760FA9F1EF18D05A</key>
			<dict>
				<key>explicitFileType</key>
				<string>sourcecode.cpp.cpp</string>
				<key>fileEncoding</key>
				<string>30</string>
				<key>isa</key>
				<string>PBXFileReference</string>
				<key>name</key>
				<string>maxiBark.cpp</string>
				<key>path</key>
				<string>../../../../../../../../../Users/edmundoetgen/Documents/OFX/OFX/addons/ofxMaxim/libs/maxiBark.cpp</string>
				<key>sourceTree</key>
				<string>SOURCE_ROOT</string>
			</dict>
			<key>71C0C44E94D9DEF203FB9322</key>
			<dict>
				<key>explicitFileType</key>
				<string>sourcecode.c.h</string>
				<key>fileEncoding</key>
				<string>30</string>
				<key>isa</key>
				<string>PBXFileReference</string>
				<key>name</key>
				<string>maxiAtoms.h</string>
				<key>path</key>
				<string>../../../../../../../../../Users/edmundoetgen/Documents/OFX/OFX/addons/ofxMaxim/libs/maxiAtoms.h</string>
				<key>sourceTree</key>
				<string>SOURCE_ROOT</string>
			</dict>
			<key>21BFFFCAF235CDBD15C1100B</key>
			<dict>
				<key>fileRef</key>
				<string>C0229F1B37500C4397F7688E</string>
				<key>isa</key>
				<string>PBXBuildFile</string>
			</dict>
			<key>C0229F1B37500C4397F7688E</key>
			<dict>
				<key>explicitFileType</key>
				<string>sourcecode.cpp.cpp</string>
				<key>fileEncoding</key>
				<string>30</string>
				<key>isa</key>
				<string>PBXFileReference</string>
				<key>name</key>
				<string>maxiAtoms.cpp</string>
				<key>path</key>
				<string>../../../../../../../../../Users/edmundoetgen/Documents/OFX/OFX/addons/ofxMaxim/libs/maxiAtoms.cpp</string>
				<key>sourceTree</key>
				<string>SOURCE_ROOT</string>
			</dict>
			<key>908859A01119AD616A1C356B</key>
			<dict>
				<key>explicitFileType</key>
				<string>sourcecode.c.h</string>
				<key>fileEncoding</key>
				<string>30</string>
				<key>isa</key>
				<string>PBXFileReference</string>
				<key>name</key>
				<string>fft.h</string>
				<key>path</key>
				<string>../../../../../../../../../Users/edmundoetgen/Documents/OFX/OFX/addons/ofxMaxim/libs/fft.h</string>
				<key>sourceTree</key>
				<string>SOURCE_ROOT</string>
			</dict>
			<key>4ACC32F17B7623DA048865D1</key>
			<dict>
				<key>children</key>
				<array>
					<string>494B9C240B6D92CFA9C1619C</string>
					<string>908859A01119AD616A1C356B</string>
					<string>C0229F1B37500C4397F7688E</string>
					<string>71C0C44E94D9DEF203FB9322</string>
					<string>28519508760FA9F1EF18D05A</string>
					<string>537B8628D182500C1B8DC06D</string>
					<string>EB2B2E7CF7745BFBDB9686A6</string>
					<string>5371528EEC4B3E330029EA0B</string>
					<string>E6092AE3643E3438528B3010</string>
					<string>0D426E71674339C4C76AD387</string>
					<string>CC1D3611905D17B08B47DF86</string>
					<string>B0754DA7C35D006CE8C2AE0D</string>
					<string>2F6BACEC5811EB36225E4FD5</string>
					<string>AFF719D902B13B15783EB064</string>
					<string>5022528979A3771B548B7200</string>
					<string>C74AA90C85D5E423DD500D92</string>
					<string>582EF6F2E6600268E7F8FC67</string>
				</array>
				<key>isa</key>
				<string>PBXGroup</string>
				<key>name</key>
				<string>libs</string>
				<key>sourceTree</key>
				<string>&lt;group&gt;</string>
			</dict>
			<key>29DFC2B3B826F47787F252FF</key>
			<dict>
				<key>fileRef</key>
				<string>494B9C240B6D92CFA9C1619C</string>
				<key>isa</key>
				<string>PBXBuildFile</string>
			</dict>
			<key>494B9C240B6D92CFA9C1619C</key>
			<dict>
				<key>explicitFileType</key>
				<string>sourcecode.cpp.cpp</string>
				<key>fileEncoding</key>
				<string>30</string>
				<key>isa</key>
				<string>PBXFileReference</string>
				<key>name</key>
				<string>fft.cpp</string>
				<key>path</key>
				<string>../../../../../../../../../Users/edmundoetgen/Documents/OFX/OFX/addons/ofxMaxim/libs/fft.cpp</string>
				<key>sourceTree</key>
				<string>SOURCE_ROOT</string>
			</dict>
			<key>8F6BFB59AB6D0A458C2F3C53</key>
			<dict>
				<key>children</key>
				<array>
					<string>1737D85DDF19CB3AC8DD5E81</string>
				</array>
				<key>isa</key>
				<string>PBXGroup</string>
				<key>name</key>
				<string>src</string>
				<key>sourceTree</key>
				<string>&lt;group&gt;</string>
			</dict>
			<key>6234D3BCE87D1C3BA2230F19</key>
			<dict>
				<key>children</key>
				<array>
					<string>8F6BFB59AB6D0A458C2F3C53</string>
					<string>4ACC32F17B7623DA048865D1</string>
				</array>
				<key>isa</key>
				<string>PBXGroup</string>
				<key>name</key>
				<string>ofxMaxim</string>
				<key>sourceTree</key>
				<string>&lt;group&gt;</string>
			</dict>
			<key>1737D85DDF19CB3AC8DD5E81</key>
			<dict>
				<key>explicitFileType</key>
				<string>sourcecode.c.h</string>
				<key>fileEncoding</key>
				<string>30</string>
				<key>isa</key>
				<string>PBXFileReference</string>
				<key>name</key>
				<string>ofxMaxim.h</string>
				<key>path</key>
				<string>../../../../../../../../../Users/edmundoetgen/Documents/OFX/OFX/addons/ofxMaxim/src/ofxMaxim.h</string>
				<key>sourceTree</key>
				<string>SOURCE_ROOT</string>
			</dict>
			<key>FB6F33FE2EBE7B0713B6EFD3</key>
			<dict>
				<key>explicitFileType</key>
				<string>sourcecode.c.h</string>
				<key>fileEncoding</key>
				<string>30</string>
				<key>isa</key>
				<string>PBXFileReference</string>
				<key>name</key>
				<string>stb_truetype.h</string>
				<key>path</key>
				<string>../../../../../../../../../Users/edmundoetgen/Documents/OFX/OFX/addons/ofxImGui/libs/imgui/src/stb_truetype.h</string>
				<key>sourceTree</key>
				<string>SOURCE_ROOT</string>
			</dict>
			<key>6EA6C91EB7961778C8568EC1</key>
			<dict>
				<key>explicitFileType</key>
				<string>sourcecode.c.h</string>
				<key>fileEncoding</key>
				<string>30</string>
				<key>isa</key>
				<string>PBXFileReference</string>
				<key>name</key>
				<string>stb_textedit.h</string>
				<key>path</key>
				<string>../../../../../../../../../Users/edmundoetgen/Documents/OFX/OFX/addons/ofxImGui/libs/imgui/src/stb_textedit.h</string>
				<key>sourceTree</key>
				<string>SOURCE_ROOT</string>
			</dict>
			<key>0DE24F21A13541F90A0F08CA</key>
			<dict>
				<key>explicitFileType</key>
				<string>sourcecode.c.h</string>
				<key>fileEncoding</key>
				<string>30</string>
				<key>isa</key>
				<string>PBXFileReference</string>
				<key>name</key>
				<string>stb_rect_pack.h</string>
				<key>path</key>
				<string>../../../../../../../../../Users/edmundoetgen/Documents/OFX/OFX/addons/ofxImGui/libs/imgui/src/stb_rect_pack.h</string>
				<key>sourceTree</key>
				<string>SOURCE_ROOT</string>
			</dict>
			<key>591AFE1AFD2FCAEDD57B0B5D</key>
			<dict>
				<key>explicitFileType</key>
				<string>sourcecode.c.h</string>
				<key>fileEncoding</key>
				<string>30</string>
				<key>isa</key>
				<string>PBXFileReference</string>
				<key>name</key>
				<string>imgui_internal.h</string>
				<key>path</key>
				<string>../../../../../../../../../Users/edmundoetgen/Documents/OFX/OFX/addons/ofxImGui/libs/imgui/src/imgui_internal.h</string>
				<key>sourceTree</key>
				<string>SOURCE_ROOT</string>
			</dict>
			<key>35B92B4173F92A10833CA9D6</key>
			<dict>
				<key>fileRef</key>
				<string>4E9266EC59EF565843B2B605</string>
				<key>isa</key>
				<string>PBXBuildFile</string>
			</dict>
			<key>4E9266EC59EF565843B2B605</key>
			<dict>
				<key>explicitFileType</key>
				<string>sourcecode.cpp.cpp</string>
				<key>fileEncoding</key>
				<string>30</string>
				<key>isa</key>
				<string>PBXFileReference</string>
				<key>name</key>
				<string>imgui_draw.cpp</string>
				<key>path</key>
				<string>../../../../../../../../../Users/edmundoetgen/Documents/OFX/OFX/addons/ofxImGui/libs/imgui/src/imgui_draw.cpp</string>
				<key>sourceTree</key>
				<string>SOURCE_ROOT</string>
			</dict>
			<key>03512EEC3926A67EE708314E</key>
			<dict>
				<key>fileRef</key>
				<string>15049D55E50C29FCA7DB7FFB</string>
				<key>isa</key>
				<string>PBXBuildFile</string>
			</dict>
			<key>15049D55E50C29FCA7DB7FFB</key>
			<dict>
				<key>explicitFileType</key>
				<string>sourcecode.cpp.cpp</string>
				<key>fileEncoding</key>
				<string>30</string>
				<key>isa</key>
				<string>PBXFileReference</string>
				<key>name</key>
				<string>imgui_demo.cpp</string>
				<key>path</key>
				<string>../../../../../../../../../Users/edmundoetgen/Documents/OFX/OFX/addons/ofxImGui/libs/imgui/src/imgui_demo.cpp</string>
				<key>sourceTree</key>
				<string>SOURCE_ROOT</string>
			</dict>
			<key>FB18FAEAB7376FB76203F87D</key>
			<dict>
				<key>explicitFileType</key>
				<string>sourcecode.c.h</string>
				<key>fileEncoding</key>
				<string>30</string>
				<key>isa</key>
				<string>PBXFileReference</string>
				<key>name</key>
				<string>imgui.h</string>
				<key>path</key>
				<string>../../../../../../../../../Users/edmundoetgen/Documents/OFX/OFX/addons/ofxImGui/libs/imgui/src/imgui.h</string>
				<key>sourceTree</key>
				<string>SOURCE_ROOT</string>
			</dict>
			<key>807146441E0D13714E9F4654</key>
			<dict>
				<key>children</key>
				<array>
					<string>A726D982202EA2D07877EBD3</string>
					<string>FB18FAEAB7376FB76203F87D</string>
					<string>15049D55E50C29FCA7DB7FFB</string>
					<string>4E9266EC59EF565843B2B605</string>
					<string>591AFE1AFD2FCAEDD57B0B5D</string>
					<string>0DE24F21A13541F90A0F08CA</string>
					<string>6EA6C91EB7961778C8568EC1</string>
					<string>FB6F33FE2EBE7B0713B6EFD3</string>
				</array>
				<key>isa</key>
				<string>PBXGroup</string>
				<key>name</key>
				<string>src</string>
				<key>sourceTree</key>
				<string>&lt;group&gt;</string>
			</dict>
			<key>8D2869234BA7562D78D731FF</key>
			<dict>
				<key>children</key>
				<array>
					<string>807146441E0D13714E9F4654</string>
				</array>
				<key>isa</key>
				<string>PBXGroup</string>
				<key>name</key>
				<string>imgui</string>
				<key>sourceTree</key>
				<string>&lt;group&gt;</string>
			</dict>
			<key>C618591A26FF62625326E2DD</key>
			<dict>
				<key>children</key>
				<array>
					<string>8D2869234BA7562D78D731FF</string>
				</array>
				<key>isa</key>
				<string>PBXGroup</string>
				<key>name</key>
				<string>libs</string>
				<key>sourceTree</key>
				<string>&lt;group&gt;</string>
			</dict>
			<key>E87BCC69C2E0E0D3FB55C6A8</key>
			<dict>
				<key>fileRef</key>
				<string>A726D982202EA2D07877EBD3</string>
				<key>isa</key>
				<string>PBXBuildFile</string>
			</dict>
			<key>A726D982202EA2D07877EBD3</key>
			<dict>
				<key>explicitFileType</key>
				<string>sourcecode.cpp.cpp</string>
				<key>fileEncoding</key>
				<string>30</string>
				<key>isa</key>
				<string>PBXFileReference</string>
				<key>name</key>
				<string>imgui.cpp</string>
				<key>path</key>
				<string>../../../../../../../../../Users/edmundoetgen/Documents/OFX/OFX/addons/ofxImGui/libs/imgui/src/imgui.cpp</string>
				<key>sourceTree</key>
				<string>SOURCE_ROOT</string>
			</dict>
			<key>A42002BEFD162AA7F6A62522</key>
			<dict>
				<key>explicitFileType</key>
				<string>sourcecode.c.h</string>
				<key>fileEncoding</key>
				<string>30</string>
				<key>isa</key>
				<string>PBXFileReference</string>
				<key>name</key>
				<string>ThemeTest.h</string>
				<key>path</key>
				<string>../../../../../../../../../Users/edmundoetgen/Documents/OFX/OFX/addons/ofxImGui/src/ThemeTest.h</string>
				<key>sourceTree</key>
				<string>SOURCE_ROOT</string>
			</dict>
			<key>E36CEAC7703CB0595CCCC974</key>
			<dict>
				<key>explicitFileType</key>
				<string>sourcecode.c.h</string>
				<key>fileEncoding</key>
				<string>30</string>
				<key>isa</key>
				<string>PBXFileReference</string>
				<key>name</key>
				<string>ofxImGui.h</string>
				<key>path</key>
				<string>../../../../../../../../../Users/edmundoetgen/Documents/OFX/OFX/addons/ofxImGui/src/ofxImGui.h</string>
				<key>sourceTree</key>
				<string>SOURCE_ROOT</string>
			</dict>
			<key>83F69B8FBA5A69654C12B7A3</key>
			<dict>
				<key>explicitFileType</key>
				<string>sourcecode.c.h</string>
				<key>fileEncoding</key>
				<string>30</string>
				<key>isa</key>
				<string>PBXFileReference</string>
				<key>name</key>
				<string>imconfig.h</string>
				<key>path</key>
				<string>../../../../../../../../../Users/edmundoetgen/Documents/OFX/OFX/addons/ofxImGui/src/imconfig.h</string>
				<key>sourceTree</key>
				<string>SOURCE_ROOT</string>
			</dict>
			<key>4D7599309B830B48DFA2BA4C</key>
			<dict>
				<key>explicitFileType</key>
				<string>sourcecode.c.h</string>
				<key>fileEncoding</key>
				<string>30</string>
				<key>isa</key>
				<string>PBXFileReference</string>
				<key>name</key>
				<string>Helpers.h</string>
				<key>path</key>
				<string>../../../../../../../../../Users/edmundoetgen/Documents/OFX/OFX/addons/ofxImGui/src/Helpers.h</string>
				<key>sourceTree</key>
				<string>SOURCE_ROOT</string>
			</dict>
			<key>50B374D9096F673B2348DE26</key>
			<dict>
				<key>fileRef</key>
				<string>1EE0190C99C71C4D35838702</string>
				<key>isa</key>
				<string>PBXBuildFile</string>
			</dict>
			<key>1EE0190C99C71C4D35838702</key>
			<dict>
				<key>explicitFileType</key>
				<string>sourcecode.cpp.cpp</string>
				<key>fileEncoding</key>
				<string>30</string>
				<key>isa</key>
				<string>PBXFileReference</string>
				<key>name</key>
				<string>Helpers.cpp</string>
				<key>path</key>
				<string>../../../../../../../../../Users/edmundoetgen/Documents/OFX/OFX/addons/ofxImGui/src/Helpers.cpp</string>
				<key>sourceTree</key>
				<string>SOURCE_ROOT</string>
			</dict>
			<key>B31F33112FD36FFFE9AD0B0B</key>
			<dict>
				<key>explicitFileType</key>
				<string>sourcecode.c.h</string>
				<key>fileEncoding</key>
				<string>30</string>
				<key>isa</key>
				<string>PBXFileReference</string>
				<key>name</key>
				<string>Gui.h</string>
				<key>path</key>
				<string>../../../../../../../../../Users/edmundoetgen/Documents/OFX/OFX/addons/ofxImGui/src/Gui.h</string>
				<key>sourceTree</key>
				<string>SOURCE_ROOT</string>
			</dict>
			<key>498C5E73A7DA55C9E7991336</key>
			<dict>
				<key>fileRef</key>
				<string>8C134F2317FBE42FDD3EFE87</string>
				<key>isa</key>
				<string>PBXBuildFile</string>
			</dict>
			<key>8C134F2317FBE42FDD3EFE87</key>
			<dict>
				<key>explicitFileType</key>
				<string>sourcecode.cpp.cpp</string>
				<key>fileEncoding</key>
				<string>30</string>
				<key>isa</key>
				<string>PBXFileReference</string>
				<key>name</key>
				<string>Gui.cpp</string>
				<key>path</key>
				<string>../../../../../../../../../Users/edmundoetgen/Documents/OFX/OFX/addons/ofxImGui/src/Gui.cpp</string>
				<key>sourceTree</key>
				<string>SOURCE_ROOT</string>
			</dict>
			<key>45DFA39C60ACB1D1A0C54999</key>
			<dict>
				<key>explicitFileType</key>
				<string>sourcecode.c.h</string>
				<key>fileEncoding</key>
				<string>30</string>
				<key>isa</key>
				<string>PBXFileReference</string>
				<key>name</key>
				<string>EngineOpenGLES.h</string>
				<key>path</key>
				<string>../../../../../../../../../Users/edmundoetgen/Documents/OFX/OFX/addons/ofxImGui/src/EngineOpenGLES.h</string>
				<key>sourceTree</key>
				<string>SOURCE_ROOT</string>
			</dict>
			<key>4A1DCD8F274A5DEED3BC8A64</key>
			<dict>
				<key>fileRef</key>
				<string>78937A63209F41E3F25BED66</string>
				<key>isa</key>
				<string>PBXBuildFile</string>
			</dict>
			<key>78937A63209F41E3F25BED66</key>
			<dict>
				<key>explicitFileType</key>
				<string>sourcecode.cpp.cpp</string>
				<key>fileEncoding</key>
				<string>30</string>
				<key>isa</key>
				<string>PBXFileReference</string>
				<key>name</key>
				<string>EngineOpenGLES.cpp</string>
				<key>path</key>
				<string>../../../../../../../../../Users/edmundoetgen/Documents/OFX/OFX/addons/ofxImGui/src/EngineOpenGLES.cpp</string>
				<key>sourceTree</key>
				<string>SOURCE_ROOT</string>
			</dict>
			<key>4055230A58361591C0A99BA7</key>
			<dict>
				<key>explicitFileType</key>
				<string>sourcecode.c.h</string>
				<key>fileEncoding</key>
				<string>30</string>
				<key>isa</key>
				<string>PBXFileReference</string>
				<key>name</key>
				<string>EngineGLFW.h</string>
				<key>path</key>
				<string>../../../../../../../../../Users/edmundoetgen/Documents/OFX/OFX/addons/ofxImGui/src/EngineGLFW.h</string>
				<key>sourceTree</key>
				<string>SOURCE_ROOT</string>
			</dict>
			<key>DBAF8550426D4573E0BCAEAA</key>
			<dict>
				<key>fileRef</key>
				<string>30AA009403C03C48B5A26CC4</string>
				<key>isa</key>
				<string>PBXBuildFile</string>
			</dict>
			<key>30AA009403C03C48B5A26CC4</key>
			<dict>
				<key>explicitFileType</key>
				<string>sourcecode.cpp.cpp</string>
				<key>fileEncoding</key>
				<string>30</string>
				<key>isa</key>
				<string>PBXFileReference</string>
				<key>name</key>
				<string>EngineGLFW.cpp</string>
				<key>path</key>
				<string>../../../../../../../../../Users/edmundoetgen/Documents/OFX/OFX/addons/ofxImGui/src/EngineGLFW.cpp</string>
				<key>sourceTree</key>
				<string>SOURCE_ROOT</string>
			</dict>
			<key>111E33B21EC155BA57F60565</key>
			<dict>
				<key>explicitFileType</key>
				<string>sourcecode.c.h</string>
				<key>fileEncoding</key>
				<string>30</string>
				<key>isa</key>
				<string>PBXFileReference</string>
				<key>name</key>
				<string>BaseTheme.h</string>
				<key>path</key>
				<string>../../../../../../../../../Users/edmundoetgen/Documents/OFX/OFX/addons/ofxImGui/src/BaseTheme.h</string>
				<key>sourceTree</key>
				<string>SOURCE_ROOT</string>
			</dict>
			<key>70C1BED3013552799F49D085</key>
			<dict>
				<key>fileRef</key>
				<string>6EB9747473808A6FFA243388</string>
				<key>isa</key>
				<string>PBXBuildFile</string>
			</dict>
			<key>6EB9747473808A6FFA243388</key>
			<dict>
				<key>explicitFileType</key>
				<string>sourcecode.cpp.cpp</string>
				<key>fileEncoding</key>
				<string>30</string>
				<key>isa</key>
				<string>PBXFileReference</string>
				<key>name</key>
				<string>BaseTheme.cpp</string>
				<key>path</key>
				<string>../../../../../../../../../Users/edmundoetgen/Documents/OFX/OFX/addons/ofxImGui/src/BaseTheme.cpp</string>
				<key>sourceTree</key>
				<string>SOURCE_ROOT</string>
			</dict>
			<key>80ABEE8C04F3A674A920746B</key>
			<dict>
				<key>explicitFileType</key>
				<string>sourcecode.c.h</string>
				<key>fileEncoding</key>
				<string>30</string>
				<key>isa</key>
				<string>PBXFileReference</string>
				<key>name</key>
				<string>BaseEngine.h</string>
				<key>path</key>
				<string>../../../../../../../../../Users/edmundoetgen/Documents/OFX/OFX/addons/ofxImGui/src/BaseEngine.h</string>
				<key>sourceTree</key>
				<string>SOURCE_ROOT</string>
			</dict>
			<key>6FF8AA08E79CFA38503CDB0E</key>
			<dict>
				<key>children</key>
				<array>
					<string>66D858089480A7BC9832D947</string>
					<string>80ABEE8C04F3A674A920746B</string>
					<string>6EB9747473808A6FFA243388</string>
					<string>111E33B21EC155BA57F60565</string>
					<string>30AA009403C03C48B5A26CC4</string>
					<string>4055230A58361591C0A99BA7</string>
					<string>78937A63209F41E3F25BED66</string>
					<string>45DFA39C60ACB1D1A0C54999</string>
					<string>8C134F2317FBE42FDD3EFE87</string>
					<string>B31F33112FD36FFFE9AD0B0B</string>
					<string>1EE0190C99C71C4D35838702</string>
					<string>4D7599309B830B48DFA2BA4C</string>
					<string>83F69B8FBA5A69654C12B7A3</string>
					<string>E36CEAC7703CB0595CCCC974</string>
					<string>A42002BEFD162AA7F6A62522</string>
				</array>
				<key>isa</key>
				<string>PBXGroup</string>
				<key>name</key>
				<string>src</string>
				<key>sourceTree</key>
				<string>&lt;group&gt;</string>
			</dict>
			<key>768C3255AF2F3E1A78DC4DF4</key>
			<dict>
				<key>children</key>
				<array>
					<string>6FF8AA08E79CFA38503CDB0E</string>
					<string>C618591A26FF62625326E2DD</string>
				</array>
				<key>isa</key>
				<string>PBXGroup</string>
				<key>name</key>
				<string>ofxImGui</string>
				<key>sourceTree</key>
				<string>&lt;group&gt;</string>
			</dict>
			<key>5B4E6DBE07AE4366DB763C9B</key>
			<dict>
				<key>fileRef</key>
				<string>66D858089480A7BC9832D947</string>
				<key>isa</key>
				<string>PBXBuildFile</string>
			</dict>
			<key>66D858089480A7BC9832D947</key>
			<dict>
				<key>explicitFileType</key>
				<string>sourcecode.cpp.cpp</string>
				<key>fileEncoding</key>
				<string>30</string>
				<key>isa</key>
				<string>PBXFileReference</string>
				<key>name</key>
				<string>BaseEngine.cpp</string>
				<key>path</key>
				<string>../../../../../../../../../Users/edmundoetgen/Documents/OFX/OFX/addons/ofxImGui/src/BaseEngine.cpp</string>
				<key>sourceTree</key>
				<string>SOURCE_ROOT</string>
			</dict>
			<key>EB1BBA09CD8C5FDA74F2B4AB</key>
			<dict>
				<key>explicitFileType</key>
				<string>sourcecode.c.h</string>
				<key>fileEncoding</key>
				<string>30</string>
				<key>isa</key>
				<string>PBXFileReference</string>
				<key>name</key>
				<string>ofxToggle.h</string>
				<key>path</key>
				<string>../../../../../../../../../Users/edmundoetgen/Documents/OFX/OFX/addons/ofxGui/src/ofxToggle.h</string>
				<key>sourceTree</key>
				<string>SOURCE_ROOT</string>
			</dict>
			<key>6AB9107DEBCEDE7233199EF3</key>
			<dict>
				<key>fileRef</key>
				<string>DA36C33B287841B071455B40</string>
				<key>isa</key>
				<string>PBXBuildFile</string>
			</dict>
			<key>DA36C33B287841B071455B40</key>
			<dict>
				<key>explicitFileType</key>
				<string>sourcecode.cpp.cpp</string>
				<key>fileEncoding</key>
				<string>30</string>
				<key>isa</key>
				<string>PBXFileReference</string>
				<key>name</key>
				<string>ofxToggle.cpp</string>
				<key>path</key>
				<string>../../../../../../../../../Users/edmundoetgen/Documents/OFX/OFX/addons/ofxGui/src/ofxToggle.cpp</string>
				<key>sourceTree</key>
				<string>SOURCE_ROOT</string>
			</dict>
			<key>F01C37B01110EE4D93562405</key>
			<dict>
				<key>explicitFileType</key>
				<string>sourcecode.c.h</string>
				<key>fileEncoding</key>
				<string>30</string>
				<key>isa</key>
				<string>PBXFileReference</string>
				<key>name</key>
				<string>ofxSliderGroup.h</string>
				<key>path</key>
				<string>../../../../../../../../../Users/edmundoetgen/Documents/OFX/OFX/addons/ofxGui/src/ofxSliderGroup.h</string>
				<key>sourceTree</key>
				<string>SOURCE_ROOT</string>
			</dict>
			<key>2565A52E53B6125066032FD7</key>
			<dict>
				<key>fileRef</key>
				<string>2B9AED7EAAC283D74285BB18</string>
				<key>isa</key>
				<string>PBXBuildFile</string>
			</dict>
			<key>2B9AED7EAAC283D74285BB18</key>
			<dict>
				<key>explicitFileType</key>
				<string>sourcecode.cpp.cpp</string>
				<key>fileEncoding</key>
				<string>30</string>
				<key>isa</key>
				<string>PBXFileReference</string>
				<key>name</key>
				<string>ofxSliderGroup.cpp</string>
				<key>path</key>
				<string>../../../../../../../../../Users/edmundoetgen/Documents/OFX/OFX/addons/ofxGui/src/ofxSliderGroup.cpp</string>
				<key>sourceTree</key>
				<string>SOURCE_ROOT</string>
			</dict>
			<key>8A1CC9CC3456D0CC655FABEA</key>
			<dict>
				<key>explicitFileType</key>
				<string>sourcecode.c.h</string>
				<key>fileEncoding</key>
				<string>30</string>
				<key>isa</key>
				<string>PBXFileReference</string>
				<key>name</key>
				<string>ofxSlider.h</string>
				<key>path</key>
				<string>../../../../../../../../../Users/edmundoetgen/Documents/OFX/OFX/addons/ofxGui/src/ofxSlider.h</string>
				<key>sourceTree</key>
				<string>SOURCE_ROOT</string>
			</dict>
			<key>0B451155F57FB50BC43FA16A</key>
			<dict>
				<key>fileRef</key>
				<string>D8DAC6125813AD6CDA46D537</string>
				<key>isa</key>
				<string>PBXBuildFile</string>
			</dict>
			<key>D8DAC6125813AD6CDA46D537</key>
			<dict>
				<key>explicitFileType</key>
				<string>sourcecode.cpp.cpp</string>
				<key>fileEncoding</key>
				<string>30</string>
				<key>isa</key>
				<string>PBXFileReference</string>
				<key>name</key>
				<string>ofxSlider.cpp</string>
				<key>path</key>
				<string>../../../../../../../../../Users/edmundoetgen/Documents/OFX/OFX/addons/ofxGui/src/ofxSlider.cpp</string>
				<key>sourceTree</key>
				<string>SOURCE_ROOT</string>
			</dict>
			<key>8312C7959F02917C5330E25D</key>
			<dict>
				<key>explicitFileType</key>
				<string>sourcecode.c.h</string>
				<key>fileEncoding</key>
				<string>30</string>
				<key>isa</key>
				<string>PBXFileReference</string>
				<key>name</key>
				<string>ofxPanel.h</string>
				<key>path</key>
				<string>../../../../../../../../../Users/edmundoetgen/Documents/OFX/OFX/addons/ofxGui/src/ofxPanel.h</string>
				<key>sourceTree</key>
				<string>SOURCE_ROOT</string>
			</dict>
			<key>905CC06B58E5CC55BCB1BC66</key>
			<dict>
				<key>fileRef</key>
				<string>749B97C8E1B598557B35CCEA</string>
				<key>isa</key>
				<string>PBXBuildFile</string>
			</dict>
			<key>749B97C8E1B598557B35CCEA</key>
			<dict>
				<key>explicitFileType</key>
				<string>sourcecode.cpp.cpp</string>
				<key>fileEncoding</key>
				<string>30</string>
				<key>isa</key>
				<string>PBXFileReference</string>
				<key>name</key>
				<string>ofxPanel.cpp</string>
				<key>path</key>
				<string>../../../../../../../../../Users/edmundoetgen/Documents/OFX/OFX/addons/ofxGui/src/ofxPanel.cpp</string>
				<key>sourceTree</key>
				<string>SOURCE_ROOT</string>
			</dict>
			<key>201F50B448C310258D2092EF</key>
			<dict>
				<key>explicitFileType</key>
				<string>sourcecode.c.h</string>
				<key>fileEncoding</key>
				<string>30</string>
				<key>isa</key>
				<string>PBXFileReference</string>
				<key>name</key>
				<string>ofxLabel.h</string>
				<key>path</key>
				<string>../../../../../../../../../Users/edmundoetgen/Documents/OFX/OFX/addons/ofxGui/src/ofxLabel.h</string>
				<key>sourceTree</key>
				<string>SOURCE_ROOT</string>
			</dict>
			<key>EA756FA5EEB625E6A5300830</key>
			<dict>
				<key>fileRef</key>
				<string>272A1796D22DFCB76F0CCD60</string>
				<key>isa</key>
				<string>PBXBuildFile</string>
			</dict>
			<key>272A1796D22DFCB76F0CCD60</key>
			<dict>
				<key>explicitFileType</key>
				<string>sourcecode.cpp.cpp</string>
				<key>fileEncoding</key>
				<string>30</string>
				<key>isa</key>
				<string>PBXFileReference</string>
				<key>name</key>
				<string>ofxLabel.cpp</string>
				<key>path</key>
				<string>../../../../../../../../../Users/edmundoetgen/Documents/OFX/OFX/addons/ofxGui/src/ofxLabel.cpp</string>
				<key>sourceTree</key>
				<string>SOURCE_ROOT</string>
			</dict>
			<key>C442D5D28634BB051850B166</key>
			<dict>
				<key>explicitFileType</key>
				<string>sourcecode.c.h</string>
				<key>fileEncoding</key>
				<string>30</string>
				<key>isa</key>
				<string>PBXFileReference</string>
				<key>name</key>
				<string>ofxInputField.h</string>
				<key>path</key>
				<string>../../../../../../../../../Users/edmundoetgen/Documents/OFX/OFX/addons/ofxGui/src/ofxInputField.h</string>
				<key>sourceTree</key>
				<string>SOURCE_ROOT</string>
			</dict>
			<key>F9EE76804AA67102B5A30333</key>
			<dict>
				<key>fileRef</key>
				<string>15B657C7111097AAC3C76A33</string>
				<key>isa</key>
				<string>PBXBuildFile</string>
			</dict>
			<key>15B657C7111097AAC3C76A33</key>
			<dict>
				<key>explicitFileType</key>
				<string>sourcecode.cpp.cpp</string>
				<key>fileEncoding</key>
				<string>30</string>
				<key>isa</key>
				<string>PBXFileReference</string>
				<key>name</key>
				<string>ofxInputField.cpp</string>
				<key>path</key>
				<string>../../../../../../../../../Users/edmundoetgen/Documents/OFX/OFX/addons/ofxGui/src/ofxInputField.cpp</string>
				<key>sourceTree</key>
				<string>SOURCE_ROOT</string>
			</dict>
			<key>F6C76451B3756CA32396FDD9</key>
			<dict>
				<key>explicitFileType</key>
				<string>sourcecode.c.h</string>
				<key>fileEncoding</key>
				<string>30</string>
				<key>isa</key>
				<string>PBXFileReference</string>
				<key>name</key>
				<string>ofxGuiGroup.h</string>
				<key>path</key>
				<string>../../../../../../../../../Users/edmundoetgen/Documents/OFX/OFX/addons/ofxGui/src/ofxGuiGroup.h</string>
				<key>sourceTree</key>
				<string>SOURCE_ROOT</string>
			</dict>
			<key>43FD8255E45567C34B2769E8</key>
			<dict>
				<key>fileRef</key>
				<string>DF8F254258A8E540AFAA23FC</string>
				<key>isa</key>
				<string>PBXBuildFile</string>
			</dict>
			<key>DF8F254258A8E540AFAA23FC</key>
			<dict>
				<key>explicitFileType</key>
				<string>sourcecode.cpp.cpp</string>
				<key>fileEncoding</key>
				<string>30</string>
				<key>isa</key>
				<string>PBXFileReference</string>
				<key>name</key>
				<string>ofxGuiGroup.cpp</string>
				<key>path</key>
				<string>../../../../../../../../../Users/edmundoetgen/Documents/OFX/OFX/addons/ofxGui/src/ofxGuiGroup.cpp</string>
				<key>sourceTree</key>
				<string>SOURCE_ROOT</string>
			</dict>
			<key>8A1EB5F38C11363F432C416F</key>
			<dict>
				<key>explicitFileType</key>
				<string>sourcecode.c.h</string>
				<key>fileEncoding</key>
				<string>30</string>
				<key>isa</key>
				<string>PBXFileReference</string>
				<key>name</key>
				<string>ofxGui.h</string>
				<key>path</key>
				<string>../../../../../../../../../Users/edmundoetgen/Documents/OFX/OFX/addons/ofxGui/src/ofxGui.h</string>
				<key>sourceTree</key>
				<string>SOURCE_ROOT</string>
			</dict>
			<key>D02A4654E18FC067B9A06E4C</key>
			<dict>
				<key>explicitFileType</key>
				<string>sourcecode.c.h</string>
				<key>fileEncoding</key>
				<string>30</string>
				<key>isa</key>
				<string>PBXFileReference</string>
				<key>name</key>
				<string>ofxColorPicker.h</string>
				<key>path</key>
				<string>../../../../../../../../../Users/edmundoetgen/Documents/OFX/OFX/addons/ofxGui/src/ofxColorPicker.h</string>
				<key>sourceTree</key>
				<string>SOURCE_ROOT</string>
			</dict>
			<key>1ED85081EBB2A3FB0F6EE214</key>
			<dict>
				<key>fileRef</key>
				<string>82249B286F4F1232F045941E</string>
				<key>isa</key>
				<string>PBXBuildFile</string>
			</dict>
			<key>82249B286F4F1232F045941E</key>
			<dict>
				<key>explicitFileType</key>
				<string>sourcecode.cpp.cpp</string>
				<key>fileEncoding</key>
				<string>30</string>
				<key>isa</key>
				<string>PBXFileReference</string>
				<key>name</key>
				<string>ofxColorPicker.cpp</string>
				<key>path</key>
				<string>../../../../../../../../../Users/edmundoetgen/Documents/OFX/OFX/addons/ofxGui/src/ofxColorPicker.cpp</string>
				<key>sourceTree</key>
				<string>SOURCE_ROOT</string>
			</dict>
			<key>89130FEC0E2CFA5F1E599098</key>
			<dict>
				<key>explicitFileType</key>
				<string>sourcecode.c.h</string>
				<key>fileEncoding</key>
				<string>30</string>
				<key>isa</key>
				<string>PBXFileReference</string>
				<key>name</key>
				<string>ofxButton.h</string>
				<key>path</key>
				<string>../../../../../../../../../Users/edmundoetgen/Documents/OFX/OFX/addons/ofxGui/src/ofxButton.h</string>
				<key>sourceTree</key>
				<string>SOURCE_ROOT</string>
			</dict>
			<key>3AB00D038AAC4F131C336D23</key>
			<dict>
				<key>fileRef</key>
				<string>C9633A9972301FECC806A459</string>
				<key>isa</key>
				<string>PBXBuildFile</string>
			</dict>
			<key>C9633A9972301FECC806A459</key>
			<dict>
				<key>explicitFileType</key>
				<string>sourcecode.cpp.cpp</string>
				<key>fileEncoding</key>
				<string>30</string>
				<key>isa</key>
				<string>PBXFileReference</string>
				<key>name</key>
				<string>ofxButton.cpp</string>
				<key>path</key>
				<string>../../../../../../../../../Users/edmundoetgen/Documents/OFX/OFX/addons/ofxGui/src/ofxButton.cpp</string>
				<key>sourceTree</key>
				<string>SOURCE_ROOT</string>
			</dict>
			<key>843A516DF11FBBFE33469DF5</key>
			<dict>
				<key>explicitFileType</key>
				<string>sourcecode.c.h</string>
				<key>fileEncoding</key>
				<string>30</string>
				<key>isa</key>
				<string>PBXFileReference</string>
				<key>name</key>
				<string>ofxBaseGui.h</string>
				<key>path</key>
				<string>../../../../../../../../../Users/edmundoetgen/Documents/OFX/OFX/addons/ofxGui/src/ofxBaseGui.h</string>
				<key>sourceTree</key>
				<string>SOURCE_ROOT</string>
			</dict>
			<key>A763ED608B35AE3310251DEE</key>
			<dict>
				<key>children</key>
				<array>
					<string>E716044F210967833B3E7696</string>
					<string>843A516DF11FBBFE33469DF5</string>
					<string>C9633A9972301FECC806A459</string>
					<string>89130FEC0E2CFA5F1E599098</string>
					<string>82249B286F4F1232F045941E</string>
					<string>D02A4654E18FC067B9A06E4C</string>
					<string>8A1EB5F38C11363F432C416F</string>
					<string>DF8F254258A8E540AFAA23FC</string>
					<string>F6C76451B3756CA32396FDD9</string>
					<string>15B657C7111097AAC3C76A33</string>
					<string>C442D5D28634BB051850B166</string>
					<string>272A1796D22DFCB76F0CCD60</string>
					<string>201F50B448C310258D2092EF</string>
					<string>749B97C8E1B598557B35CCEA</string>
					<string>8312C7959F02917C5330E25D</string>
					<string>D8DAC6125813AD6CDA46D537</string>
					<string>8A1CC9CC3456D0CC655FABEA</string>
					<string>2B9AED7EAAC283D74285BB18</string>
					<string>F01C37B01110EE4D93562405</string>
					<string>DA36C33B287841B071455B40</string>
					<string>EB1BBA09CD8C5FDA74F2B4AB</string>
				</array>
				<key>isa</key>
				<string>PBXGroup</string>
				<key>name</key>
				<string>src</string>
				<key>sourceTree</key>
				<string>&lt;group&gt;</string>
			</dict>
			<key>480A780D8D0308AE4A368801</key>
			<dict>
				<key>children</key>
				<array>
					<string>A763ED608B35AE3310251DEE</string>
				</array>
				<key>isa</key>
				<string>PBXGroup</string>
				<key>name</key>
				<string>ofxGui</string>
				<key>sourceTree</key>
				<string>&lt;group&gt;</string>
			</dict>
			<key>553557987D9AD7242CDB55DA</key>
			<dict>
				<key>fileRef</key>
				<string>E716044F210967833B3E7696</string>
				<key>isa</key>
				<string>PBXBuildFile</string>
			</dict>
			<key>E716044F210967833B3E7696</key>
			<dict>
				<key>explicitFileType</key>
				<string>sourcecode.cpp.cpp</string>
				<key>fileEncoding</key>
				<string>30</string>
				<key>isa</key>
				<string>PBXFileReference</string>
				<key>name</key>
				<string>ofxBaseGui.cpp</string>
				<key>path</key>
				<string>../../../../../../../../../Users/edmundoetgen/Documents/OFX/OFX/addons/ofxGui/src/ofxBaseGui.cpp</string>
				<key>sourceTree</key>
				<string>SOURCE_ROOT</string>
			</dict>
			<key>FC762C74FD0F2242EC0E7BDC</key>
			<dict>
				<key>explicitFileType</key>
				<string>sourcecode.c.h</string>
				<key>fileEncoding</key>
				<string>30</string>
				<key>isa</key>
				<string>PBXFileReference</string>
				<key>name</key>
				<string>synthGui.hpp</string>
				<key>path</key>
				<string>src/synthGui.hpp</string>
				<key>sourceTree</key>
				<string>SOURCE_ROOT</string>
			</dict>
			<key>ED0865F3F914A77099BF90C1</key>
			<dict>
				<key>fileRef</key>
				<string>145E46A5BEB0D791247462D8</string>
				<key>isa</key>
				<string>PBXBuildFile</string>
			</dict>
			<key>145E46A5BEB0D791247462D8</key>
			<dict>
				<key>explicitFileType</key>
				<string>sourcecode.cpp.cpp</string>
				<key>fileEncoding</key>
				<string>30</string>
				<key>isa</key>
				<string>PBXFileReference</string>
				<key>name</key>
				<string>synthGui.cpp</string>
				<key>path</key>
				<string>src/synthGui.cpp</string>
				<key>sourceTree</key>
				<string>SOURCE_ROOT</string>
			</dict>
			<key>DC2A5CFD59FF696D8C00AB4A</key>
			<dict>
				<key>explicitFileType</key>
				<string>sourcecode.c.h</string>
				<key>fileEncoding</key>
				<string>30</string>
				<key>isa</key>
				<string>PBXFileReference</string>
				<key>name</key>
				<string>sequencer.hpp</string>
				<key>path</key>
				<string>src/sequencer.hpp</string>
				<key>sourceTree</key>
				<string>SOURCE_ROOT</string>
			</dict>
			<key>4B84A54619122AFA8571A5F0</key>
			<dict>
				<key>fileRef</key>
				<string>DD1910F01FFA368790970198</string>
				<key>isa</key>
				<string>PBXBuildFile</string>
			</dict>
			<key>DD1910F01FFA368790970198</key>
			<dict>
				<key>explicitFileType</key>
				<string>sourcecode.cpp.cpp</string>
				<key>fileEncoding</key>
				<string>30</string>
				<key>isa</key>
				<string>PBXFileReference</string>
				<key>name</key>
				<string>sequencer.cpp</string>
				<key>path</key>
				<string>src/sequencer.cpp</string>
				<key>sourceTree</key>
				<string>SOURCE_ROOT</string>
			</dict>
			<key>F55F486597A69C1381C0F155</key>
			<dict>
				<key>explicitFileType</key>
				<string>sourcecode.c.h</string>
				<key>fileEncoding</key>
				<string>30</string>
				<key>isa</key>
				<string>PBXFileReference</string>
				<key>name</key>
				<string>drumSynth.hpp</string>
				<key>path</key>
				<string>src/drumSynth.hpp</string>
				<key>sourceTree</key>
				<string>SOURCE_ROOT</string>
			</dict>
			<key>A0A4C99D2CEE00D427CA391E</key>
			<dict>
				<key>fileRef</key>
				<string>D083C732F0379512349E232E</string>
				<key>isa</key>
				<string>PBXBuildFile</string>
			</dict>
			<key>D083C732F0379512349E232E</key>
			<dict>
				<key>explicitFileType</key>
				<string>sourcecode.cpp.cpp</string>
				<key>fileEncoding</key>
				<string>30</string>
				<key>isa</key>
				<string>PBXFileReference</string>
				<key>name</key>
				<string>drumSynth.cpp</string>
				<key>path</key>
				<string>src/drumSynth.cpp</string>
				<key>sourceTree</key>
				<string>SOURCE_ROOT</string>
			</dict>
			<key>6948EE371B920CB800B5AC1A</key>
			<dict>
				<key>children</key>
				<array />
				<key>isa</key>
				<string>PBXGroup</string>
				<key>name</key>
				<string>local_addons</string>
				<key>sourceTree</key>
				<string>&lt;group&gt;</string>
			</dict>
			<key>8466F1851C04CA0E00918B1C</key>
			<dict>
				<key>buildActionMask</key>
				<string>12</string>
				<key>files</key>
				<array />
				<key>inputPaths</key>
				<array />
				<key>isa</key>
				<string>PBXShellScriptBuildPhase</string>
				<key>outputPaths</key>
				<array />
				<key>runOnlyForDeploymentPostprocessing</key>
				<string>0</string>
				<key>shellPath</key>
				<string>/bin/sh</string>
				<key>shellScript</key>
				<string>echo "$GCC_PREPROCESSOR_DEFINITIONS";
APPSTORE=`expr "$GCC_PREPROCESSOR_DEFINITIONS" : ".*APPSTORE=\([0-9]*\)"`
if [ -z "$APPSTORE" ] ; then
echo "Note: Not copying bin/data to App Package or doing App Code signing. Use AppStore target for AppStore distribution";
else
# Copy bin/data into App/Resources
rsync -avz --exclude='.DS_Store' "${SRCROOT}/bin/data/" "${TARGET_BUILD_DIR}/${UNLOCALIZED_RESOURCES_FOLDER_PATH}/data/"

# ---- Code Sign App Package ----

# WARNING: You may have to run Clean in Xcode after changing CODE_SIGN_IDENTITY!

# Verify that $CODE_SIGN_IDENTITY is set
if [ -z "${CODE_SIGN_IDENTITY}" ] ; then
echo "CODE_SIGN_IDENTITY needs to be set for framework code-signing"
exit 0
fi

if [ -z "${CODE_SIGN_ENTITLEMENTS}" ] ; then
echo "CODE_SIGN_ENTITLEMENTS needs to be set for framework code-signing!"

if [ "${CONFIGURATION}" = "Release" ] ; then
exit 1
else
# Code-signing is optional for non-release builds.
exit 0
fi
fi

ITEMS=""

FRAMEWORKS_DIR="${TARGET_BUILD_DIR}/${FRAMEWORKS_FOLDER_PATH}"
echo "$FRAMEWORKS_DIR"
if [ -d "$FRAMEWORKS_DIR" ] ; then
FRAMEWORKS=$(find "${FRAMEWORKS_DIR}" -depth -type d -name "*.framework" -or -name "*.dylib" -or -name "*.bundle" | sed -e "s/\(.*framework\)/\1\/Versions\/A\//")
RESULT=$?
if [[ $RESULT != 0 ]] ; then
exit 1
fi

ITEMS="${FRAMEWORKS}"
fi

LOGINITEMS_DIR="${TARGET_BUILD_DIR}/${CONTENTS_FOLDER_PATH}/Library/LoginItems/"
if [ -d "$LOGINITEMS_DIR" ] ; then
LOGINITEMS=$(find "${LOGINITEMS_DIR}" -depth -type d -name "*.app")
RESULT=$?
if [[ $RESULT != 0 ]] ; then
exit 1
fi

ITEMS="${ITEMS}"$'\n'"${LOGINITEMS}"
fi

# Prefer the expanded name, if available.
CODE_SIGN_IDENTITY_FOR_ITEMS="${EXPANDED_CODE_SIGN_IDENTITY_NAME}"
if [ "${CODE_SIGN_IDENTITY_FOR_ITEMS}" = "" ] ; then
# Fall back to old behavior.
CODE_SIGN_IDENTITY_FOR_ITEMS="${CODE_SIGN_IDENTITY}"
fi

echo "Identity:"
echo "${CODE_SIGN_IDENTITY_FOR_ITEMS}"

echo "Entitlements:"
echo "${CODE_SIGN_ENTITLEMENTS}"

echo "Found:"
echo "${ITEMS}"

# Change the Internal Field Separator (IFS) so that spaces in paths will not cause problems below.
SAVED_IFS=$IFS
IFS=$(echo -en "\n\b")

# Loop through all items.
for ITEM in $ITEMS;
do
echo "Signing '${ITEM}'"
codesign --force --verbose --sign "${CODE_SIGN_IDENTITY_FOR_ITEMS}" --entitlements "${CODE_SIGN_ENTITLEMENTS}" "${ITEM}"
RESULT=$?
if [[ $RESULT != 0 ]] ; then
echo "Failed to sign '${ITEM}'."
IFS=$SAVED_IFS
exit 1
fi
done

# Restore $IFS.
IFS=$SAVED_IFS

fi
</string>
			</dict>
			<key>99FA3DBB1C7456C400CFA0EE</key>
			<dict>
				<key>baseConfigurationReference</key>
				<string>E4EB6923138AFD0F00A09F29</string>
				<key>buildSettings</key>
				<dict>
					<key>HEADER_SEARCH_PATHS</key>
					<array>
						<string>$(OF_CORE_HEADERS)</string>
						<string>src</string>
						<string>../../../../../../../../../Users/edmundoetgen/Documents/OFX/OFX/addons/ofxGui/src</string>
						<string>../../../../../../../../../Users/edmundoetgen/Documents/OFX/OFX/addons/ofxImGui/libs</string>
						<string>../../../../../../../../../Users/edmundoetgen/Documents/OFX/OFX/addons/ofxImGui/libs/imgui</string>
						<string>../../../../../../../../../Users/edmundoetgen/Documents/OFX/OFX/addons/ofxImGui/libs/imgui/src</string>
						<string>../../../../../../../../../Users/edmundoetgen/Documents/OFX/OFX/addons/ofxImGui/src</string>
						<string>../../../../../../../../../Users/edmundoetgen/Documents/OFX/OFX/addons/ofxMaxim/libs</string>
						<string>../../../../../../../../../Users/edmundoetgen/Documents/OFX/OFX/addons/ofxMaxim/src</string>
					</array>
					<key>CONFIGURATION_BUILD_DIR</key>
					<string>$(SRCROOT)/bin/</string>
					<key>COPY_PHASE_STRIP</key>
					<string>YES</string>
					<key>DEAD_CODE_STRIPPING</key>
					<string>YES</string>
					<key>GCC_AUTO_VECTORIZATION</key>
					<string>YES</string>
					<key>GCC_ENABLE_SSE3_EXTENSIONS</key>
					<string>YES</string>
					<key>GCC_ENABLE_SUPPLEMENTAL_SSE3_INSTRUCTIONS</key>
					<string>YES</string>
					<key>GCC_INLINES_ARE_PRIVATE_EXTERN</key>
					<string>NO</string>
					<key>GCC_OPTIMIZATION_LEVEL</key>
					<string>3</string>
					<key>GCC_PREPROCESSOR_DEFINITIONS[arch=*]</key>
					<string>DISTRIBUTION=1</string>
					<key>GCC_SYMBOLS_PRIVATE_EXTERN</key>
					<string>NO</string>
					<key>GCC_UNROLL_LOOPS</key>
					<string>YES</string>
					<key>GCC_WARN_ABOUT_DEPRECATED_FUNCTIONS</key>
					<string>YES</string>
					<key>GCC_WARN_ABOUT_INVALID_OFFSETOF_MACRO</key>
					<string>NO</string>
					<key>GCC_WARN_ALLOW_INCOMPLETE_PROTOCOL</key>
					<string>NO</string>
					<key>GCC_WARN_UNINITIALIZED_AUTOS</key>
					<string>NO</string>
					<key>GCC_WARN_UNUSED_VALUE</key>
					<string>NO</string>
					<key>GCC_WARN_UNUSED_VARIABLE</key>
					<string>NO</string>
					<key>MACOSX_DEPLOYMENT_TARGET</key>
					<string>10.9</string>
					<key>OTHER_CPLUSPLUSFLAGS</key>
					<array>
						<string>-D__MACOSX_CORE__</string>
						<string>-mtune=native</string>
					</array>
					<key>SDKROOT</key>
					<string>macosx</string>
				</dict>
				<key>isa</key>
				<string>XCBuildConfiguration</string>
				<key>name</key>
				<string>AppStore</string>
			</dict>
			<key>99FA3DBC1C7456C400CFA0EE</key>
			<dict>
				<key>baseConfigurationReference</key>
				<string>E4EB6923138AFD0F00A09F29</string>
				<key>buildSettings</key>
				<dict>
					<key>HEADER_SEARCH_PATHS</key>
					<array>
						<string>$(OF_CORE_HEADERS)</string>
						<string>src</string>
						<string>../../../../../../../../../Users/edmundoetgen/Documents/OFX/OFX/addons/ofxGui/src</string>
						<string>../../../../../../../../../Users/edmundoetgen/Documents/OFX/OFX/addons/ofxImGui/libs</string>
						<string>../../../../../../../../../Users/edmundoetgen/Documents/OFX/OFX/addons/ofxImGui/libs/imgui</string>
						<string>../../../../../../../../../Users/edmundoetgen/Documents/OFX/OFX/addons/ofxImGui/libs/imgui/src</string>
						<string>../../../../../../../../../Users/edmundoetgen/Documents/OFX/OFX/addons/ofxImGui/src</string>
						<string>../../../../../../../../../Users/edmundoetgen/Documents/OFX/OFX/addons/ofxMaxim/libs</string>
						<string>../../../../../../../../../Users/edmundoetgen/Documents/OFX/OFX/addons/ofxMaxim/src</string>
					</array>
					<key>COMBINE_HIDPI_IMAGES</key>
					<string>YES</string>
					<key>COPY_PHASE_STRIP</key>
					<string>YES</string>
					<key>FRAMEWORK_SEARCH_PATHS</key>
					<string>$(inherited)</string>
					<key>GCC_GENERATE_DEBUGGING_SYMBOLS</key>
					<string>YES</string>
					<key>GCC_MODEL_TUNING</key>
					<string>NONE</string>
					<key>GCC_PREPROCESSOR_DEFINITIONS[arch=*]</key>
					<string>APPSTORE=1</string>
					<key>ICON</key>
					<string>$(ICON_NAME_RELEASE)</string>
					<key>ICON_FILE</key>
					<string>$(ICON_FILE_PATH)$(ICON)</string>
					<key>INFOPLIST_FILE</key>
					<string>openFrameworks-Info.plist</string>
					<key>INSTALL_PATH</key>
					<string>/Applications</string>
					<key>LIBRARY_SEARCH_PATHS</key>
					<string>$(inherited)</string>
					<key>PRODUCT_NAME</key>
					<string>$(TARGET_NAME)</string>
					<key>WRAPPER_EXTENSION</key>
					<string>app</string>
					<key>baseConfigurationReference</key>
					<string>E4EB6923138AFD0F00A09F29</string>
				</dict>
				<key>isa</key>
				<string>XCBuildConfiguration</string>
				<key>name</key>
				<string>AppStore</string>
			</dict>
			<key>BB4B014C10F69532006C3DED</key>
			<dict>
				<key>children</key>
				<array>
					<string>480A780D8D0308AE4A368801</string>
					<string>768C3255AF2F3E1A78DC4DF4</string>
					<string>6234D3BCE87D1C3BA2230F19</string>
				</array>
				<key>isa</key>
				<string>PBXGroup</string>
				<key>name</key>
				<string>addons</string>
				<key>sourceTree</key>
				<string>&lt;group&gt;</string>
			</dict>
			<key>E4328143138ABC890047C5CB</key>
			<dict>
				<key>isa</key>
				<string>PBXFileReference</string>
				<key>lastKnownFileType</key>
				<string>wrapper.pb-project</string>
				<key>name</key>
				<string>openFrameworksLib.xcodeproj</string>
				<key>path</key>
				<string>../../../../../../../../../Users/edmundoetgen/Documents/OFX/OFX/libs/openFrameworksCompiled/project/osx/openFrameworksLib.xcodeproj</string>
				<key>sourceTree</key>
				<string>SOURCE_ROOT</string>
			</dict>
			<key>E4328144138ABC890047C5CB</key>
			<dict>
				<key>children</key>
				<array>
					<string>E4328148138ABC890047C5CB</string>
				</array>
				<key>isa</key>
				<string>PBXGroup</string>
				<key>name</key>
				<string>Products</string>
				<key>sourceTree</key>
				<string>&lt;group&gt;</string>
			</dict>
			<key>E4328147138ABC890047C5CB</key>
			<dict>
				<key>containerPortal</key>
				<string>E4328143138ABC890047C5CB</string>
				<key>isa</key>
				<string>PBXContainerItemProxy</string>
				<key>proxyType</key>
				<string>2</string>
				<key>remoteGlobalIDString</key>
				<string>E4B27C1510CBEB8E00536013</string>
				<key>remoteInfo</key>
				<string>openFrameworks</string>
			</dict>
			<key>E4328148138ABC890047C5CB</key>
			<dict>
				<key>fileType</key>
				<string>archive.ar</string>
				<key>isa</key>
				<string>PBXReferenceProxy</string>
				<key>path</key>
				<string>openFrameworksDebug.a</string>
				<key>remoteRef</key>
				<string>E4328147138ABC890047C5CB</string>
				<key>sourceTree</key>
				<string>BUILT_PRODUCTS_DIR</string>
			</dict>
			<key>E4328149138ABC9F0047C5CB</key>
			<dict>
				<key>fileRef</key>
				<string>E4328148138ABC890047C5CB</string>
				<key>isa</key>
				<string>PBXBuildFile</string>
			</dict>
			<key>E4B69B4A0A3A1720003C02F2</key>
			<dict>
				<key>children</key>
				<array>
					<string>E4B6FCAD0C3E899E008CF71C</string>
					<string>E4EB6923138AFD0F00A09F29</string>
					<string>E4B69E1C0A3A1BDC003C02F2</string>
					<string>E4EEC9E9138DF44700A80321</string>
					<string>BB4B014C10F69532006C3DED</string>
					<string>6948EE371B920CB800B5AC1A</string>
					<string>E4B69B5B0A3A1756003C02F2</string>
				</array>
				<key>isa</key>
				<string>PBXGroup</string>
				<key>sourceTree</key>
				<string>&lt;group&gt;</string>
			</dict>
			<key>E4B69B4C0A3A1720003C02F2</key>
			<dict>
				<key>attributes</key>
				<dict>
					<key>LastUpgradeCheck</key>
					<string>0600</string>
				</dict>
				<key>buildConfigurationList</key>
				<string>E4B69B4D0A3A1720003C02F2</string>
				<key>compatibilityVersion</key>
				<string>Xcode 3.2</string>
				<key>developmentRegion</key>
				<string>English</string>
				<key>hasScannedForEncodings</key>
				<string>0</string>
				<key>isa</key>
				<string>PBXProject</string>
				<key>knownRegions</key>
				<array>
					<string>English</string>
					<string>Japanese</string>
					<string>French</string>
					<string>German</string>
				</array>
				<key>mainGroup</key>
				<string>E4B69B4A0A3A1720003C02F2</string>
				<key>productRefGroup</key>
				<string>E4B69B4A0A3A1720003C02F2</string>
				<key>projectDirPath</key>
				<string />
				<key>projectReferences</key>
				<array>
					<dict>
						<key>ProductGroup</key>
						<string>E4328144138ABC890047C5CB</string>
						<key>ProjectRef</key>
						<string>E4328143138ABC890047C5CB</string>
					</dict>
				</array>
				<key>projectRoot</key>
				<string />
				<key>targets</key>
				<array>
					<string>E4B69B5A0A3A1756003C02F2</string>
				</array>
			</dict>
			<key>E4B69B4D0A3A1720003C02F2</key>
			<dict>
				<key>buildConfigurations</key>
				<array>
					<string>E4B69B4E0A3A1720003C02F2</string>
					<string>E4B69B4F0A3A1720003C02F2</string>
					<string>99FA3DBB1C7456C400CFA0EE</string>
				</array>
				<key>defaultConfigurationIsVisible</key>
				<string>0</string>
				<key>defaultConfigurationName</key>
				<string>Release</string>
				<key>isa</key>
				<string>XCConfigurationList</string>
			</dict>
			<key>E4B69B4E0A3A1720003C02F2</key>
			<dict>
				<key>baseConfigurationReference</key>
				<string>E4EB6923138AFD0F00A09F29</string>
				<key>buildSettings</key>
				<dict>
					<key>HEADER_SEARCH_PATHS</key>
					<array>
						<string>$(OF_CORE_HEADERS)</string>
						<string>src</string>
						<string>../../../../../../../../../Users/edmundoetgen/Documents/OFX/OFX/addons/ofxGui/src</string>
						<string>../../../../../../../../../Users/edmundoetgen/Documents/OFX/OFX/addons/ofxImGui/libs</string>
						<string>../../../../../../../../../Users/edmundoetgen/Documents/OFX/OFX/addons/ofxImGui/libs/imgui</string>
						<string>../../../../../../../../../Users/edmundoetgen/Documents/OFX/OFX/addons/ofxImGui/libs/imgui/src</string>
						<string>../../../../../../../../../Users/edmundoetgen/Documents/OFX/OFX/addons/ofxImGui/src</string>
						<string>../../../../../../../../../Users/edmundoetgen/Documents/OFX/OFX/addons/ofxMaxim/libs</string>
						<string>../../../../../../../../../Users/edmundoetgen/Documents/OFX/OFX/addons/ofxMaxim/src</string>
					</array>
					<key>CONFIGURATION_BUILD_DIR</key>
					<string>$(SRCROOT)/bin/</string>
					<key>COPY_PHASE_STRIP</key>
					<string>NO</string>
					<key>DEAD_CODE_STRIPPING</key>
					<string>YES</string>
					<key>GCC_AUTO_VECTORIZATION</key>
					<string>YES</string>
					<key>GCC_ENABLE_SSE3_EXTENSIONS</key>
					<string>YES</string>
					<key>GCC_ENABLE_SUPPLEMENTAL_SSE3_INSTRUCTIONS</key>
					<string>YES</string>
					<key>GCC_INLINES_ARE_PRIVATE_EXTERN</key>
					<string>NO</string>
					<key>GCC_OPTIMIZATION_LEVEL</key>
					<string>0</string>
					<key>GCC_SYMBOLS_PRIVATE_EXTERN</key>
					<string>NO</string>
					<key>GCC_WARN_ABOUT_DEPRECATED_FUNCTIONS</key>
					<string>YES</string>
					<key>GCC_WARN_ABOUT_INVALID_OFFSETOF_MACRO</key>
					<string>NO</string>
					<key>GCC_WARN_ALLOW_INCOMPLETE_PROTOCOL</key>
					<string>NO</string>
					<key>GCC_WARN_UNINITIALIZED_AUTOS</key>
					<string>NO</string>
					<key>GCC_WARN_UNUSED_VALUE</key>
					<string>NO</string>
					<key>GCC_WARN_UNUSED_VARIABLE</key>
					<string>NO</string>
					<key>MACOSX_DEPLOYMENT_TARGET</key>
					<string>10.9</string>
					<key>ONLY_ACTIVE_ARCH</key>
					<string>YES</string>
					<key>OTHER_CPLUSPLUSFLAGS</key>
					<array>
						<string>-D__MACOSX_CORE__</string>
						<string>-mtune=native</string>
					</array>
					<key>SDKROOT</key>
					<string>macosx</string>
				</dict>
				<key>isa</key>
				<string>XCBuildConfiguration</string>
				<key>name</key>
				<string>Debug</string>
			</dict>
			<key>E4B69B4F0A3A1720003C02F2</key>
			<dict>
				<key>baseConfigurationReference</key>
				<string>E4EB6923138AFD0F00A09F29</string>
				<key>buildSettings</key>
				<dict>
					<key>HEADER_SEARCH_PATHS</key>
					<array>
						<string>$(OF_CORE_HEADERS)</string>
						<string>src</string>
						<string>../../../../../../../../../Users/edmundoetgen/Documents/OFX/OFX/addons/ofxGui/src</string>
						<string>../../../../../../../../../Users/edmundoetgen/Documents/OFX/OFX/addons/ofxImGui/libs</string>
						<string>../../../../../../../../../Users/edmundoetgen/Documents/OFX/OFX/addons/ofxImGui/libs/imgui</string>
						<string>../../../../../../../../../Users/edmundoetgen/Documents/OFX/OFX/addons/ofxImGui/libs/imgui/src</string>
						<string>../../../../../../../../../Users/edmundoetgen/Documents/OFX/OFX/addons/ofxImGui/src</string>
						<string>../../../../../../../../../Users/edmundoetgen/Documents/OFX/OFX/addons/ofxMaxim/libs</string>
						<string>../../../../../../../../../Users/edmundoetgen/Documents/OFX/OFX/addons/ofxMaxim/src</string>
					</array>
					<key>CONFIGURATION_BUILD_DIR</key>
					<string>$(SRCROOT)/bin/</string>
					<key>COPY_PHASE_STRIP</key>
					<string>YES</string>
					<key>DEAD_CODE_STRIPPING</key>
					<string>YES</string>
					<key>GCC_AUTO_VECTORIZATION</key>
					<string>YES</string>
					<key>GCC_ENABLE_SSE3_EXTENSIONS</key>
					<string>YES</string>
					<key>GCC_ENABLE_SUPPLEMENTAL_SSE3_INSTRUCTIONS</key>
					<string>YES</string>
					<key>GCC_INLINES_ARE_PRIVATE_EXTERN</key>
					<string>NO</string>
					<key>GCC_OPTIMIZATION_LEVEL</key>
					<string>3</string>
					<key>GCC_SYMBOLS_PRIVATE_EXTERN</key>
					<string>NO</string>
					<key>GCC_UNROLL_LOOPS</key>
					<string>YES</string>
					<key>GCC_WARN_ABOUT_DEPRECATED_FUNCTIONS</key>
					<string>YES</string>
					<key>GCC_WARN_ABOUT_INVALID_OFFSETOF_MACRO</key>
					<string>NO</string>
					<key>GCC_WARN_ALLOW_INCOMPLETE_PROTOCOL</key>
					<string>NO</string>
					<key>GCC_WARN_UNINITIALIZED_AUTOS</key>
					<string>NO</string>
					<key>GCC_WARN_UNUSED_VALUE</key>
					<string>NO</string>
					<key>GCC_WARN_UNUSED_VARIABLE</key>
					<string>NO</string>
					<key>MACOSX_DEPLOYMENT_TARGET</key>
					<string>10.9</string>
					<key>OTHER_CPLUSPLUSFLAGS</key>
					<array>
						<string>-D__MACOSX_CORE__</string>
						<string>-mtune=native</string>
					</array>
					<key>SDKROOT</key>
					<string>macosx</string>
				</dict>
				<key>isa</key>
				<string>XCBuildConfiguration</string>
				<key>name</key>
				<string>Release</string>
			</dict>
			<key>E4B69B580A3A1756003C02F2</key>
			<dict>
				<key>buildActionMask</key>
				<string>2147483647</string>
				<key>files</key>
				<array>
					<string>E4B69E200A3A1BDC003C02F2</string>
					<string>E4B69E210A3A1BDC003C02F2</string>
					<string>A0A4C99D2CEE00D427CA391E</string>
					<string>4B84A54619122AFA8571A5F0</string>
					<string>ED0865F3F914A77099BF90C1</string>
					<string>553557987D9AD7242CDB55DA</string>
					<string>3AB00D038AAC4F131C336D23</string>
					<string>1ED85081EBB2A3FB0F6EE214</string>
					<string>43FD8255E45567C34B2769E8</string>
					<string>F9EE76804AA67102B5A30333</string>
					<string>EA756FA5EEB625E6A5300830</string>
					<string>905CC06B58E5CC55BCB1BC66</string>
					<string>0B451155F57FB50BC43FA16A</string>
					<string>2565A52E53B6125066032FD7</string>
					<string>6AB9107DEBCEDE7233199EF3</string>
					<string>5B4E6DBE07AE4366DB763C9B</string>
					<string>70C1BED3013552799F49D085</string>
					<string>DBAF8550426D4573E0BCAEAA</string>
					<string>4A1DCD8F274A5DEED3BC8A64</string>
					<string>498C5E73A7DA55C9E7991336</string>
					<string>50B374D9096F673B2348DE26</string>
					<string>E87BCC69C2E0E0D3FB55C6A8</string>
					<string>03512EEC3926A67EE708314E</string>
					<string>35B92B4173F92A10833CA9D6</string>
					<string>29DFC2B3B826F47787F252FF</string>
					<string>21BFFFCAF235CDBD15C1100B</string>
					<string>6A1ECE482778A6F071451CE2</string>
					<string>E5872FE9ACCEAB9113861579</string>
					<string>069EF97B97A45D38B28D9654</string>
					<string>D3C879857F4DF59F943E25AE</string>
					<string>DE0AD615952253527AE95104</string>
					<string>1E4C414E98695D8F9F57F318</string>
				</array>
				<key>isa</key>
				<string>PBXSourcesBuildPhase</string>
				<key>runOnlyForDeploymentPostprocessing</key>
				<string>0</string>
			</dict>
			<key>E4B69B590A3A1756003C02F2</key>
			<dict>
				<key>buildActionMask</key>
				<string>2147483647</string>
				<key>files</key>
				<array>
					<string>E4328149138ABC9F0047C5CB</string>
				</array>
				<key>isa</key>
				<string>PBXFrameworksBuildPhase</string>
				<key>runOnlyForDeploymentPostprocessing</key>
				<string>0</string>
			</dict>
			<key>E4B69B5A0A3A1756003C02F2</key>
			<dict>
				<key>buildConfigurationList</key>
				<string>E4B69B5F0A3A1757003C02F2</string>
				<key>buildPhases</key>
				<array>
					<string>E4B69B580A3A1756003C02F2</string>
					<string>E4B69B590A3A1756003C02F2</string>
					<string>E4B6FFFD0C3F9AB9008CF71C</string>
					<string>E4C2427710CC5ABF004149E2</string>
					<string>8466F1851C04CA0E00918B1C</string>
				</array>
				<key>buildRules</key>
				<array />
				<key>dependencies</key>
				<array>
					<string>E4EEB9AC138B136A00A80321</string>
				</array>
				<key>isa</key>
				<string>PBXNativeTarget</string>
				<key>name</key>
				<string>kickMachine</string>
				<key>productName</key>
				<string>myOFApp</string>
				<key>productReference</key>
				<string>E4B69B5B0A3A1756003C02F2</string>
				<key>productType</key>
				<string>com.apple.product-type.application</string>
			</dict>
			<key>E4B69B5B0A3A1756003C02F2</key>
			<dict>
				<key>explicitFileType</key>
				<string>wrapper.application</string>
				<key>includeInIndex</key>
				<string>0</string>
				<key>isa</key>
				<string>PBXFileReference</string>
				<key>path</key>
				<string>kickMachineDebug.app</string>
				<key>sourceTree</key>
				<string>BUILT_PRODUCTS_DIR</string>
			</dict>
			<key>E4B69B5F0A3A1757003C02F2</key>
			<dict>
				<key>buildConfigurations</key>
				<array>
					<string>E4B69B600A3A1757003C02F2</string>
					<string>E4B69B610A3A1757003C02F2</string>
					<string>99FA3DBC1C7456C400CFA0EE</string>
				</array>
				<key>defaultConfigurationIsVisible</key>
				<string>0</string>
				<key>defaultConfigurationName</key>
				<string>Release</string>
				<key>isa</key>
				<string>XCConfigurationList</string>
			</dict>
			<key>E4B69B600A3A1757003C02F2</key>
			<dict>
				<key>baseConfigurationReference</key>
				<string>E4EB6923138AFD0F00A09F29</string>
				<key>buildSettings</key>
				<dict>
					<key>HEADER_SEARCH_PATHS</key>
					<array>
						<string>$(OF_CORE_HEADERS)</string>
						<string>src</string>
						<string>../../../../../../../../../Users/edmundoetgen/Documents/OFX/OFX/addons/ofxGui/src</string>
						<string>../../../../../../../../../Users/edmundoetgen/Documents/OFX/OFX/addons/ofxImGui/libs</string>
						<string>../../../../../../../../../Users/edmundoetgen/Documents/OFX/OFX/addons/ofxImGui/libs/imgui</string>
						<string>../../../../../../../../../Users/edmundoetgen/Documents/OFX/OFX/addons/ofxImGui/libs/imgui/src</string>
						<string>../../../../../../../../../Users/edmundoetgen/Documents/OFX/OFX/addons/ofxImGui/src</string>
						<string>../../../../../../../../../Users/edmundoetgen/Documents/OFX/OFX/addons/ofxMaxim/libs</string>
						<string>../../../../../../../../../Users/edmundoetgen/Documents/OFX/OFX/addons/ofxMaxim/src</string>
					</array>
					<key>COMBINE_HIDPI_IMAGES</key>
					<string>YES</string>
					<key>COPY_PHASE_STRIP</key>
					<string>NO</string>
					<key>FRAMEWORK_SEARCH_PATHS</key>
					<string>$(inherited)</string>
					<key>GCC_DYNAMIC_NO_PIC</key>
					<string>NO</string>
					<key>GCC_GENERATE_DEBUGGING_SYMBOLS</key>
					<string>YES</string>
					<key>GCC_MODEL_TUNING</key>
					<string>NONE</string>
					<key>ICON</key>
					<string>$(ICON_NAME_DEBUG)</string>
					<key>ICON_FILE</key>
					<string>$(ICON_FILE_PATH)$(ICON)</string>
					<key>INFOPLIST_FILE</key>
					<string>openFrameworks-Info.plist</string>
					<key>INSTALL_PATH</key>
					<string>/Applications</string>
					<key>LIBRARY_SEARCH_PATHS</key>
					<string>$(inherited)</string>
					<key>PRODUCT_NAME</key>
					<string>$(TARGET_NAME)Debug</string>
					<key>WRAPPER_EXTENSION</key>
					<string>app</string>
				</dict>
				<key>isa</key>
				<string>XCBuildConfiguration</string>
				<key>name</key>
				<string>Debug</string>
			</dict>
			<key>E4B69B610A3A1757003C02F2</key>
			<dict>
				<key>baseConfigurationReference</key>
				<string>E4EB6923138AFD0F00A09F29</string>
				<key>buildSettings</key>
				<dict>
					<key>HEADER_SEARCH_PATHS</key>
					<array>
						<string>$(OF_CORE_HEADERS)</string>
						<string>src</string>
						<string>../../../../../../../../../Users/edmundoetgen/Documents/OFX/OFX/addons/ofxGui/src</string>
						<string>../../../../../../../../../Users/edmundoetgen/Documents/OFX/OFX/addons/ofxImGui/libs</string>
						<string>../../../../../../../../../Users/edmundoetgen/Documents/OFX/OFX/addons/ofxImGui/libs/imgui</string>
						<string>../../../../../../../../../Users/edmundoetgen/Documents/OFX/OFX/addons/ofxImGui/libs/imgui/src</string>
						<string>../../../../../../../../../Users/edmundoetgen/Documents/OFX/OFX/addons/ofxImGui/src</string>
						<string>../../../../../../../../../Users/edmundoetgen/Documents/OFX/OFX/addons/ofxMaxim/libs</string>
						<string>../../../../../../../../../Users/edmundoetgen/Documents/OFX/OFX/addons/ofxMaxim/src</string>
					</array>
					<key>COMBINE_HIDPI_IMAGES</key>
					<string>YES</string>
					<key>COPY_PHASE_STRIP</key>
					<string>YES</string>
					<key>FRAMEWORK_SEARCH_PATHS</key>
					<string>$(inherited)</string>
					<key>GCC_GENERATE_DEBUGGING_SYMBOLS</key>
					<string>YES</string>
					<key>GCC_MODEL_TUNING</key>
					<string>NONE</string>
					<key>ICON</key>
					<string>$(ICON_NAME_RELEASE)</string>
					<key>ICON_FILE</key>
					<string>$(ICON_FILE_PATH)$(ICON)</string>
					<key>INFOPLIST_FILE</key>
					<string>openFrameworks-Info.plist</string>
					<key>INSTALL_PATH</key>
					<string>/Applications</string>
					<key>LIBRARY_SEARCH_PATHS</key>
					<string>$(inherited)</string>
					<key>PRODUCT_NAME</key>
					<string>$(TARGET_NAME)</string>
					<key>WRAPPER_EXTENSION</key>
					<string>app</string>
					<key>baseConfigurationReference</key>
					<string>E4EB6923138AFD0F00A09F29</string>
				</dict>
				<key>isa</key>
				<string>XCBuildConfiguration</string>
				<key>name</key>
				<string>Release</string>
			</dict>
			<key>E4B69E1C0A3A1BDC003C02F2</key>
			<dict>
				<key>children</key>
				<array>
					<string>E4B69E1D0A3A1BDC003C02F2</string>
					<string>E4B69E1E0A3A1BDC003C02F2</string>
					<string>E4B69E1F0A3A1BDC003C02F2</string>
					<string>D083C732F0379512349E232E</string>
					<string>F55F486597A69C1381C0F155</string>
					<string>DD1910F01FFA368790970198</string>
					<string>DC2A5CFD59FF696D8C00AB4A</string>
					<string>145E46A5BEB0D791247462D8</string>
					<string>FC762C74FD0F2242EC0E7BDC</string>
				</array>
				<key>isa</key>
				<string>PBXGroup</string>
				<key>path</key>
				<string>src</string>
				<key>sourceTree</key>
				<string>SOURCE_ROOT</string>
			</dict>
			<key>E4B69E1D0A3A1BDC003C02F2</key>
			<dict>
				<key>fileEncoding</key>
				<string>4</string>
				<key>isa</key>
				<string>PBXFileReference</string>
				<key>lastKnownFileType</key>
				<string>sourcecode.cpp.cpp</string>
				<key>name</key>
				<string>main.cpp</string>
				<key>path</key>
				<string>src/main.cpp</string>
				<key>sourceTree</key>
				<string>SOURCE_ROOT</string>
			</dict>
			<key>E4B69E1E0A3A1BDC003C02F2</key>
			<dict>
				<key>explicitFileType</key>
				<string>sourcecode.cpp.cpp</string>
				<key>fileEncoding</key>
				<string>4</string>
				<key>isa</key>
				<string>PBXFileReference</string>
				<key>name</key>
				<string>ofApp.cpp</string>
				<key>path</key>
				<string>src/ofApp.cpp</string>
				<key>sourceTree</key>
				<string>SOURCE_ROOT</string>
			</dict>
			<key>E4B69E1F0A3A1BDC003C02F2</key>
			<dict>
				<key>fileEncoding</key>
				<string>4</string>
				<key>isa</key>
				<string>PBXFileReference</string>
				<key>lastKnownFileType</key>
				<string>sourcecode.c.h</string>
				<key>name</key>
				<string>ofApp.h</string>
				<key>path</key>
				<string>src/ofApp.h</string>
				<key>sourceTree</key>
				<string>SOURCE_ROOT</string>
			</dict>
			<key>E4B69E200A3A1BDC003C02F2</key>
			<dict>
				<key>fileRef</key>
				<string>E4B69E1D0A3A1BDC003C02F2</string>
				<key>isa</key>
				<string>PBXBuildFile</string>
			</dict>
			<key>E4B69E210A3A1BDC003C02F2</key>
			<dict>
				<key>fileRef</key>
				<string>E4B69E1E0A3A1BDC003C02F2</string>
				<key>isa</key>
				<string>PBXBuildFile</string>
			</dict>
			<key>E4B6FCAD0C3E899E008CF71C</key>
			<dict>
				<key>fileEncoding</key>
				<string>4</string>
				<key>isa</key>
				<string>PBXFileReference</string>
				<key>lastKnownFileType</key>
				<string>text.plist.xml</string>
				<key>path</key>
				<string>openFrameworks-Info.plist</string>
				<key>sourceTree</key>
				<string>&lt;group&gt;</string>
			</dict>
			<key>E4B6FFFD0C3F9AB9008CF71C</key>
			<dict>
				<key>buildActionMask</key>
				<string>2147483647</string>
				<key>files</key>
				<array />
				<key>inputPaths</key>
				<array />
				<key>isa</key>
				<string>PBXShellScriptBuildPhase</string>
				<key>outputPaths</key>
				<array />
				<key>runOnlyForDeploymentPostprocessing</key>
				<string>0</string>
				<key>shellPath</key>
				<string>/bin/sh</string>
				<key>shellScript</key>
				<string>mkdir -p "$TARGET_BUILD_DIR/$PRODUCT_NAME.app/Contents/Resources/"
# Copy default icon file into App/Resources
rsync -aved "$ICON_FILE" "$TARGET_BUILD_DIR/$PRODUCT_NAME.app/Contents/Resources/"
# Copy libfmod and change install directory for fmod to run
rsync -aved "$OF_PATH/libs/fmodex/lib/osx/libfmodex.dylib" "$TARGET_BUILD_DIR/$PRODUCT_NAME.app/Contents/Frameworks/";
install_name_tool -change @executable_path/libfmodex.dylib @executable_path/../Frameworks/libfmodex.dylib "$TARGET_BUILD_DIR/$PRODUCT_NAME.app/Contents/MacOS/$PRODUCT_NAME";

echo "$GCC_PREPROCESSOR_DEFINITIONS";
</string>
			</dict>
			<key>E4C2427710CC5ABF004149E2</key>
			<dict>
				<key>buildActionMask</key>
				<string>2147483647</string>
				<key>dstPath</key>
				<string />
				<key>dstSubfolderSpec</key>
				<string>10</string>
				<key>files</key>
				<array />
				<key>isa</key>
				<string>PBXCopyFilesBuildPhase</string>
				<key>runOnlyForDeploymentPostprocessing</key>
				<string>0</string>
			</dict>
			<key>E4EB691F138AFCF100A09F29</key>
			<dict>
				<key>fileEncoding</key>
				<string>4</string>
				<key>isa</key>
				<string>PBXFileReference</string>
				<key>lastKnownFileType</key>
				<string>text.xcconfig</string>
				<key>name</key>
				<string>CoreOF.xcconfig</string>
				<key>path</key>
				<string>../../../../../../../../../Users/edmundoetgen/Documents/OFX/OFX/libs/openFrameworksCompiled/project/osx/CoreOF.xcconfig</string>
				<key>sourceTree</key>
				<string>SOURCE_ROOT</string>
			</dict>
			<key>E4EB6923138AFD0F00A09F29</key>
			<dict>
				<key>fileEncoding</key>
				<string>4</string>
				<key>isa</key>
				<string>PBXFileReference</string>
				<key>lastKnownFileType</key>
				<string>text.xcconfig</string>
				<key>path</key>
				<string>Project.xcconfig</string>
				<key>sourceTree</key>
				<string>&lt;group&gt;</string>
			</dict>
			<key>E4EEB9AB138B136A00A80321</key>
			<dict>
				<key>containerPortal</key>
				<string>E4328143138ABC890047C5CB</string>
				<key>isa</key>
				<string>PBXContainerItemProxy</string>
				<key>proxyType</key>
				<string>1</string>
				<key>remoteGlobalIDString</key>
				<string>E4B27C1410CBEB8E00536013</string>
				<key>remoteInfo</key>
				<string>openFrameworks</string>
			</dict>
			<key>E4EEB9AC138B136A00A80321</key>
			<dict>
				<key>isa</key>
				<string>PBXTargetDependency</string>
				<key>name</key>
				<string>openFrameworks</string>
				<key>targetProxy</key>
				<string>E4EEB9AB138B136A00A80321</string>
			</dict>
			<key>E4EEC9E9138DF44700A80321</key>
			<dict>
				<key>children</key>
				<array>
					<string>E4EB691F138AFCF100A09F29</string>
					<string>E4328143138ABC890047C5CB</string>
				</array>
				<key>isa</key>
				<string>PBXGroup</string>
				<key>name</key>
				<string>openFrameworks</string>
				<key>sourceTree</key>
				<string>&lt;group&gt;</string>
			</dict>
		</dict>
		<key>rootObject</key>
		<string>E4B69B4C0A3A1720003C02F2</string>
	</dict>
</plist>
